// !$*UTF8*$!
{
	archiveVersion = 1;
	classes = {
	};
	objectVersion = 50;
	objects = {

/* Begin PBXBuildFile section */
		6247C695272FABF4006D841B /* ProfilePageViewController.swift in Sources */ = {isa = PBXBuildFile; fileRef = 6247C694272FABF4006D841B /* ProfilePageViewController.swift */; };
		627342E5272CFFE200AE8250 /* AppDelegate.swift in Sources */ = {isa = PBXBuildFile; fileRef = 627342E4272CFFE200AE8250 /* AppDelegate.swift */; };
		627342E7272CFFE200AE8250 /* SceneDelegate.swift in Sources */ = {isa = PBXBuildFile; fileRef = 627342E6272CFFE200AE8250 /* SceneDelegate.swift */; };
		627342EC272CFFE200AE8250 /* Main.storyboard in Resources */ = {isa = PBXBuildFile; fileRef = 627342EA272CFFE200AE8250 /* Main.storyboard */; };
		627342EF272CFFE200AE8250 /* second_chance.xcdatamodeld in Sources */ = {isa = PBXBuildFile; fileRef = 627342ED272CFFE200AE8250 /* second_chance.xcdatamodeld */; };
		627342F1272CFFE400AE8250 /* Assets.xcassets in Resources */ = {isa = PBXBuildFile; fileRef = 627342F0272CFFE400AE8250 /* Assets.xcassets */; };
		627342F4272CFFE400AE8250 /* LaunchScreen.storyboard in Resources */ = {isa = PBXBuildFile; fileRef = 627342F2272CFFE400AE8250 /* LaunchScreen.storyboard */; };
		627342FC272D006700AE8250 /* TableViewController.swift in Sources */ = {isa = PBXBuildFile; fileRef = 627342FB272D006700AE8250 /* TableViewController.swift */; };
		627342FE272D8EBF00AE8250 /* SecondChance.swift in Sources */ = {isa = PBXBuildFile; fileRef = 627342FD272D8EBF00AE8250 /* SecondChance.swift */; };
		62734300272F112100AE8250 /* AddFundViewController.swift in Sources */ = {isa = PBXBuildFile; fileRef = 627342FF272F112100AE8250 /* AddFundViewController.swift */; };
		62734302272F16A100AE8250 /* CompleteFundViewController.swift in Sources */ = {isa = PBXBuildFile; fileRef = 62734301272F16A100AE8250 /* CompleteFundViewController.swift */; };
/* End PBXBuildFile section */

/* Begin PBXFileReference section */
		6247C694272FABF4006D841B /* ProfilePageViewController.swift */ = {isa = PBXFileReference; lastKnownFileType = sourcecode.swift; path = ProfilePageViewController.swift; sourceTree = "<group>"; };
		627342E1272CFFE200AE8250 /* second-chance.app */ = {isa = PBXFileReference; explicitFileType = wrapper.application; includeInIndex = 0; path = "second-chance.app"; sourceTree = BUILT_PRODUCTS_DIR; };
		627342E4272CFFE200AE8250 /* AppDelegate.swift */ = {isa = PBXFileReference; lastKnownFileType = sourcecode.swift; path = AppDelegate.swift; sourceTree = "<group>"; };
		627342E6272CFFE200AE8250 /* SceneDelegate.swift */ = {isa = PBXFileReference; lastKnownFileType = sourcecode.swift; path = SceneDelegate.swift; sourceTree = "<group>"; };
		627342EB272CFFE200AE8250 /* Base */ = {isa = PBXFileReference; lastKnownFileType = file.storyboard; name = Base; path = Base.lproj/Main.storyboard; sourceTree = "<group>"; };
		627342EE272CFFE200AE8250 /* second_chance.xcdatamodel */ = {isa = PBXFileReference; lastKnownFileType = wrapper.xcdatamodel; path = second_chance.xcdatamodel; sourceTree = "<group>"; };
		627342F0272CFFE400AE8250 /* Assets.xcassets */ = {isa = PBXFileReference; lastKnownFileType = folder.assetcatalog; path = Assets.xcassets; sourceTree = "<group>"; };
		627342F3272CFFE400AE8250 /* Base */ = {isa = PBXFileReference; lastKnownFileType = file.storyboard; name = Base; path = Base.lproj/LaunchScreen.storyboard; sourceTree = "<group>"; };
		627342F5272CFFE400AE8250 /* Info.plist */ = {isa = PBXFileReference; lastKnownFileType = text.plist.xml; path = Info.plist; sourceTree = "<group>"; };
		627342FB272D006700AE8250 /* TableViewController.swift */ = {isa = PBXFileReference; lastKnownFileType = sourcecode.swift; path = TableViewController.swift; sourceTree = "<group>"; };
		627342FD272D8EBF00AE8250 /* SecondChance.swift */ = {isa = PBXFileReference; lastKnownFileType = sourcecode.swift; path = SecondChance.swift; sourceTree = "<group>"; };
		627342FF272F112100AE8250 /* AddFundViewController.swift */ = {isa = PBXFileReference; lastKnownFileType = sourcecode.swift; path = AddFundViewController.swift; sourceTree = "<group>"; };
		62734301272F16A100AE8250 /* CompleteFundViewController.swift */ = {isa = PBXFileReference; lastKnownFileType = sourcecode.swift; path = CompleteFundViewController.swift; sourceTree = "<group>"; };
/* End PBXFileReference section */

/* Begin PBXFrameworksBuildPhase section */
		627342DE272CFFE200AE8250 /* Frameworks */ = {
			isa = PBXFrameworksBuildPhase;
			buildActionMask = 2147483647;
			files = (
			);
			runOnlyForDeploymentPostprocessing = 0;
		};
/* End PBXFrameworksBuildPhase section */

/* Begin PBXGroup section */
		627342D8272CFFE200AE8250 = {
			isa = PBXGroup;
			children = (
				627342E3272CFFE200AE8250 /* second-chance */,
				627342E2272CFFE200AE8250 /* Products */,
			);
			sourceTree = "<group>";
		};
		627342E2272CFFE200AE8250 /* Products */ = {
			isa = PBXGroup;
			children = (
				627342E1272CFFE200AE8250 /* second-chance.app */,
			);
			name = Products;
			sourceTree = "<group>";
		};
		627342E3272CFFE200AE8250 /* second-chance */ = {
			isa = PBXGroup;
			children = (
				627342E4272CFFE200AE8250 /* AppDelegate.swift */,
				627342E6272CFFE200AE8250 /* SceneDelegate.swift */,
				627342EA272CFFE200AE8250 /* Main.storyboard */,
				627342FD272D8EBF00AE8250 /* SecondChance.swift */,
				627342F0272CFFE400AE8250 /* Assets.xcassets */,
				627342F2272CFFE400AE8250 /* LaunchScreen.storyboard */,
				627342F5272CFFE400AE8250 /* Info.plist */,
				627342ED272CFFE200AE8250 /* second_chance.xcdatamodeld */,
				627342FB272D006700AE8250 /* TableViewController.swift */,
				627342FF272F112100AE8250 /* AddFundViewController.swift */,
				62734301272F16A100AE8250 /* CompleteFundViewController.swift */,
				6247C694272FABF4006D841B /* ProfilePageViewController.swift */,
			);
			path = "second-chance";
			sourceTree = "<group>";
		};
/* End PBXGroup section */

/* Begin PBXNativeTarget section */
		627342E0272CFFE200AE8250 /* second-chance */ = {
			isa = PBXNativeTarget;
			buildConfigurationList = 627342F8272CFFE400AE8250 /* Build configuration list for PBXNativeTarget "second-chance" */;
			buildPhases = (
				627342DD272CFFE200AE8250 /* Sources */,
				627342DE272CFFE200AE8250 /* Frameworks */,
				627342DF272CFFE200AE8250 /* Resources */,
			);
			buildRules = (
			);
			dependencies = (
			);
			name = "second-chance";
			productName = "second-chance";
			productReference = 627342E1272CFFE200AE8250 /* second-chance.app */;
			productType = "com.apple.product-type.application";
		};
/* End PBXNativeTarget section */

/* Begin PBXProject section */
		627342D9272CFFE200AE8250 /* Project object */ = {
			isa = PBXProject;
			attributes = {
				LastSwiftUpdateCheck = 1250;
				LastUpgradeCheck = 1250;
				TargetAttributes = {
					627342E0272CFFE200AE8250 = {
						CreatedOnToolsVersion = 12.5.1;
					};
				};
			};
			buildConfigurationList = 627342DC272CFFE200AE8250 /* Build configuration list for PBXProject "second-chance" */;
			compatibilityVersion = "Xcode 9.3";
			developmentRegion = en;
			hasScannedForEncodings = 0;
			knownRegions = (
				en,
				Base,
			);
			mainGroup = 627342D8272CFFE200AE8250;
			productRefGroup = 627342E2272CFFE200AE8250 /* Products */;
			projectDirPath = "";
			projectRoot = "";
			targets = (
				627342E0272CFFE200AE8250 /* second-chance */,
			);
		};
/* End PBXProject section */

/* Begin PBXResourcesBuildPhase section */
		627342DF272CFFE200AE8250 /* Resources */ = {
			isa = PBXResourcesBuildPhase;
			buildActionMask = 2147483647;
			files = (
				627342F4272CFFE400AE8250 /* LaunchScreen.storyboard in Resources */,
				627342F1272CFFE400AE8250 /* Assets.xcassets in Resources */,
				627342EC272CFFE200AE8250 /* Main.storyboard in Resources */,
			);
			runOnlyForDeploymentPostprocessing = 0;
		};
/* End PBXResourcesBuildPhase section */

/* Begin PBXSourcesBuildPhase section */
		627342DD272CFFE200AE8250 /* Sources */ = {
			isa = PBXSourcesBuildPhase;
			buildActionMask = 2147483647;
			files = (
				627342E5272CFFE200AE8250 /* AppDelegate.swift in Sources */,
				62734302272F16A100AE8250 /* CompleteFundViewController.swift in Sources */,
				627342FE272D8EBF00AE8250 /* SecondChance.swift in Sources */,
				627342E7272CFFE200AE8250 /* SceneDelegate.swift in Sources */,
				62734300272F112100AE8250 /* AddFundViewController.swift in Sources */,
				627342FC272D006700AE8250 /* TableViewController.swift in Sources */,
				627342EF272CFFE200AE8250 /* second_chance.xcdatamodeld in Sources */,
				6247C695272FABF4006D841B /* ProfilePageViewController.swift in Sources */,
			);
			runOnlyForDeploymentPostprocessing = 0;
		};
/* End PBXSourcesBuildPhase section */

/* Begin PBXVariantGroup section */
		627342EA272CFFE200AE8250 /* Main.storyboard */ = {
			isa = PBXVariantGroup;
			children = (
				627342EB272CFFE200AE8250 /* Base */,
			);
			name = Main.storyboard;
			sourceTree = "<group>";
		};
		627342F2272CFFE400AE8250 /* LaunchScreen.storyboard */ = {
			isa = PBXVariantGroup;
			children = (
				627342F3272CFFE400AE8250 /* Base */,
			);
			name = LaunchScreen.storyboard;
			sourceTree = "<group>";
		};
/* End PBXVariantGroup section */

/* Begin XCBuildConfiguration section */
		627342F6272CFFE400AE8250 /* Debug */ = {
			isa = XCBuildConfiguration;
			buildSettings = {
				ALWAYS_SEARCH_USER_PATHS = NO;
				CLANG_ANALYZER_NONNULL = YES;
				CLANG_ANALYZER_NUMBER_OBJECT_CONVERSION = YES_AGGRESSIVE;
				CLANG_CXX_LANGUAGE_STANDARD = "gnu++14";
				CLANG_CXX_LIBRARY = "libc++";
				CLANG_ENABLE_MODULES = YES;
				CLANG_ENABLE_OBJC_ARC = YES;
				CLANG_ENABLE_OBJC_WEAK = YES;
				CLANG_WARN_BLOCK_CAPTURE_AUTORELEASING = YES;
				CLANG_WARN_BOOL_CONVERSION = YES;
				CLANG_WARN_COMMA = YES;
				CLANG_WARN_CONSTANT_CONVERSION = YES;
				CLANG_WARN_DEPRECATED_OBJC_IMPLEMENTATIONS = YES;
				CLANG_WARN_DIRECT_OBJC_ISA_USAGE = YES_ERROR;
				CLANG_WARN_DOCUMENTATION_COMMENTS = YES;
				CLANG_WARN_EMPTY_BODY = YES;
				CLANG_WARN_ENUM_CONVERSION = YES;
				CLANG_WARN_INFINITE_RECURSION = YES;
				CLANG_WARN_INT_CONVERSION = YES;
				CLANG_WARN_NON_LITERAL_NULL_CONVERSION = YES;
				CLANG_WARN_OBJC_IMPLICIT_RETAIN_SELF = YES;
				CLANG_WARN_OBJC_LITERAL_CONVERSION = YES;
				CLANG_WARN_OBJC_ROOT_CLASS = YES_ERROR;
				CLANG_WARN_QUOTED_INCLUDE_IN_FRAMEWORK_HEADER = YES;
				CLANG_WARN_RANGE_LOOP_ANALYSIS = YES;
				CLANG_WARN_STRICT_PROTOTYPES = YES;
				CLANG_WARN_SUSPICIOUS_MOVE = YES;
				CLANG_WARN_UNGUARDED_AVAILABILITY = YES_AGGRESSIVE;
				CLANG_WARN_UNREACHABLE_CODE = YES;
				CLANG_WARN__DUPLICATE_METHOD_MATCH = YES;
				COPY_PHASE_STRIP = NO;
				DEBUG_INFORMATION_FORMAT = dwarf;
				ENABLE_STRICT_OBJC_MSGSEND = YES;
				ENABLE_TESTABILITY = YES;
				GCC_C_LANGUAGE_STANDARD = gnu11;
				GCC_DYNAMIC_NO_PIC = NO;
				GCC_NO_COMMON_BLOCKS = YES;
				GCC_OPTIMIZATION_LEVEL = 0;
				GCC_PREPROCESSOR_DEFINITIONS = (
					"DEBUG=1",
					"$(inherited)",
				);
				GCC_WARN_64_TO_32_BIT_CONVERSION = YES;
				GCC_WARN_ABOUT_RETURN_TYPE = YES_ERROR;
				GCC_WARN_UNDECLARED_SELECTOR = YES;
				GCC_WARN_UNINITIALIZED_AUTOS = YES_AGGRESSIVE;
				GCC_WARN_UNUSED_FUNCTION = YES;
				GCC_WARN_UNUSED_VARIABLE = YES;
				IPHONEOS_DEPLOYMENT_TARGET = 14.5;
				MTL_ENABLE_DEBUG_INFO = INCLUDE_SOURCE;
				MTL_FAST_MATH = YES;
				ONLY_ACTIVE_ARCH = YES;
				SDKROOT = iphoneos;
				SWIFT_ACTIVE_COMPILATION_CONDITIONS = DEBUG;
				SWIFT_OPTIMIZATION_LEVEL = "-Onone";
			};
			name = Debug;
		};
		627342F7272CFFE400AE8250 /* Release */ = {
			isa = XCBuildConfiguration;
			buildSettings = {
				ALWAYS_SEARCH_USER_PATHS = NO;
				CLANG_ANALYZER_NONNULL = YES;
				CLANG_ANALYZER_NUMBER_OBJECT_CONVERSION = YES_AGGRESSIVE;
				CLANG_CXX_LANGUAGE_STANDARD = "gnu++14";
				CLANG_CXX_LIBRARY = "libc++";
				CLANG_ENABLE_MODULES = YES;
				CLANG_ENABLE_OBJC_ARC = YES;
				CLANG_ENABLE_OBJC_WEAK = YES;
				CLANG_WARN_BLOCK_CAPTURE_AUTORELEASING = YES;
				CLANG_WARN_BOOL_CONVERSION = YES;
				CLANG_WARN_COMMA = YES;
				CLANG_WARN_CONSTANT_CONVERSION = YES;
				CLANG_WARN_DEPRECATED_OBJC_IMPLEMENTATIONS = YES;
				CLANG_WARN_DIRECT_OBJC_ISA_USAGE = YES_ERROR;
				CLANG_WARN_DOCUMENTATION_COMMENTS = YES;
				CLANG_WARN_EMPTY_BODY = YES;
				CLANG_WARN_ENUM_CONVERSION = YES;
				CLANG_WARN_INFINITE_RECURSION = YES;
				CLANG_WARN_INT_CONVERSION = YES;
				CLANG_WARN_NON_LITERAL_NULL_CONVERSION = YES;
				CLANG_WARN_OBJC_IMPLICIT_RETAIN_SELF = YES;
				CLANG_WARN_OBJC_LITERAL_CONVERSION = YES;
				CLANG_WARN_OBJC_ROOT_CLASS = YES_ERROR;
				CLANG_WARN_QUOTED_INCLUDE_IN_FRAMEWORK_HEADER = YES;
				CLANG_WARN_RANGE_LOOP_ANALYSIS = YES;
				CLANG_WARN_STRICT_PROTOTYPES = YES;
				CLANG_WARN_SUSPICIOUS_MOVE = YES;
				CLANG_WARN_UNGUARDED_AVAILABILITY = YES_AGGRESSIVE;
				CLANG_WARN_UNREACHABLE_CODE = YES;
				CLANG_WARN__DUPLICATE_METHOD_MATCH = YES;
				COPY_PHASE_STRIP = NO;
				DEBUG_INFORMATION_FORMAT = "dwarf-with-dsym";
				ENABLE_NS_ASSERTIONS = NO;
				ENABLE_STRICT_OBJC_MSGSEND = YES;
				GCC_C_LANGUAGE_STANDARD = gnu11;
				GCC_NO_COMMON_BLOCKS = YES;
				GCC_WARN_64_TO_32_BIT_CONVERSION = YES;
				GCC_WARN_ABOUT_RETURN_TYPE = YES_ERROR;
				GCC_WARN_UNDECLARED_SELECTOR = YES;
				GCC_WARN_UNINITIALIZED_AUTOS = YES_AGGRESSIVE;
				GCC_WARN_UNUSED_FUNCTION = YES;
				GCC_WARN_UNUSED_VARIABLE = YES;
				IPHONEOS_DEPLOYMENT_TARGET = 14.5;
				MTL_ENABLE_DEBUG_INFO = NO;
				MTL_FAST_MATH = YES;
				SDKROOT = iphoneos;
				SWIFT_COMPILATION_MODE = wholemodule;
				SWIFT_OPTIMIZATION_LEVEL = "-O";
				VALIDATE_PRODUCT = YES;
			};
			name = Release;
		};
		627342F9272CFFE400AE8250 /* Debug */ = {
			isa = XCBuildConfiguration;
			buildSettings = {
				ASSETCATALOG_COMPILER_APPICON_NAME = AppIcon;
				ASSETCATALOG_COMPILER_GLOBAL_ACCENT_COLOR_NAME = AccentColor;
				CODE_SIGN_STYLE = Automatic;
				DEVELOPMENT_TEAM = KQ5BU7TK3C;
				INFOPLIST_FILE = "second-chance/Info.plist";
				LD_RUNPATH_SEARCH_PATHS = (
					"$(inherited)",
					"@executable_path/Frameworks",
				);
				PRODUCT_BUNDLE_IDENTIFIER = "com.example.second-chance";
				PRODUCT_NAME = "$(TARGET_NAME)";
				SWIFT_VERSION = 5.0;
				TARGETED_DEVICE_FAMILY = "1,2";
			};
			name = Debug;
		};
		627342FA272CFFE400AE8250 /* Release */ = {
			isa = XCBuildConfiguration;
			buildSettings = {
				ASSETCATALOG_COMPILER_APPICON_NAME = AppIcon;
				ASSETCATALOG_COMPILER_GLOBAL_ACCENT_COLOR_NAME = AccentColor;
				CODE_SIGN_STYLE = Automatic;
				DEVELOPMENT_TEAM = KQ5BU7TK3C;
				INFOPLIST_FILE = "second-chance/Info.plist";
				LD_RUNPATH_SEARCH_PATHS = (
					"$(inherited)",
					"@executable_path/Frameworks",
				);
				PRODUCT_BUNDLE_IDENTIFIER = "com.example.second-chance";
				PRODUCT_NAME = "$(TARGET_NAME)";
				SWIFT_VERSION = 5.0;
				TARGETED_DEVICE_FAMILY = "1,2";
			};
			name = Release;
		};
/* End XCBuildConfiguration section */

/* Begin XCConfigurationList section */
		627342DC272CFFE200AE8250 /* Build configuration list for PBXProject "second-chance" */ = {
			isa = XCConfigurationList;
			buildConfigurations = (
				627342F6272CFFE400AE8250 /* Debug */,
				627342F7272CFFE400AE8250 /* Release */,
			);
			defaultConfigurationIsVisible = 0;
			defaultConfigurationName = Release;
		};
		627342F8272CFFE400AE8250 /* Build configuration list for PBXNativeTarget "second-chance" */ = {
			isa = XCConfigurationList;
			buildConfigurations = (
				627342F9272CFFE400AE8250 /* Debug */,
				627342FA272CFFE400AE8250 /* Release */,
			);
			defaultConfigurationIsVisible = 0;
			defaultConfigurationName = Release;
		};
/* End XCConfigurationList section */

/* Begin XCVersionGroup section */
		627342ED272CFFE200AE8250 /* second_chance.xcdatamodeld */ = {
			isa = XCVersionGroup;
			children = (
				627342EE272CFFE200AE8250 /* second_chance.xcdatamodel */,
			);
			currentVersion = 627342EE272CFFE200AE8250 /* second_chance.xcdatamodel */;
			path = second_chance.xcdatamodeld;
			sourceTree = "<group>";
			versionGroupType = wrapper.xcdatamodel;
		};
/* End XCVersionGroup section */
	};
	rootObject = 627342D9272CFFE200AE8250 /* Project object */;
}
